
Microsoft Visual Studio Solution File, Format Version 12.00
# Visual Studio Version 18
VisualStudioVersion = 18.3.11520.95 d18.3
MinimumVisualStudioVersion = 10.0.40219.1
Project("{FAE04EC0-301F-11D3-BF4B-00C04F79EFBC}") = "ProCredit.Conciliacion.Console", "ProCredit.Conciliacion.Console.csproj", "{39AFA6BD-2E2C-46CA-7F47-BC0325D43BD3}"
EndProject
Project("{FAE04EC0-301F-11D3-BF4B-00C04F79EFBC}") = "Procedrit.Conciliacion.Web", "..\Procedrit.Conciliacion.Web\Procedrit.Conciliacion.Web.csproj", "{E98D809D-2C9C-40D9-9141-9E8DD11D57DD}"
EndProject
Global
	GlobalSection(SolutionConfigurationPlatforms) = preSolution
		Debug|Any CPU = Debug|Any CPU
		Release|Any CPU = Release|Any CPU
	EndGlobalSection
	GlobalSection(ProjectConfigurationPlatforms) = postSolution
		{39AFA6BD-2E2C-46CA-7F47-BC0325D43BD3}.Debug|Any CPU.ActiveCfg = Debug|Any CPU
		{39AFA6BD-2E2C-46CA-7F47-BC0325D43BD3}.Debug|Any CPU.Build.0 = Debug|Any CPU
		{39AFA6BD-2E2C-46CA-7F47-BC0325D43BD3}.Release|Any CPU.ActiveCfg = Release|Any CPU
		{39AFA6BD-2E2C-46CA-7F47-BC0325D43BD3}.Release|Any CPU.Build.0 = Release|Any CPU
		{E98D809D-2C9C-40D9-9141-9E8DD11D57DD}.Debug|Any CPU.ActiveCfg = Debug|Any CPU
		{E98D809D-2C9C-40D9-9141-9E8DD11D57DD}.Debug|Any CPU.Build.0 = Debug|Any CPU
		{E98D809D-2C9C-40D9-9141-9E8DD11D57DD}.Release|Any CPU.ActiveCfg = Release|Any CPU
		{E98D809D-2C9C-40D9-9141-9E8DD11D57DD}.Release|Any CPU.Build.0 = Release|Any CPU
	EndGlobalSection
	GlobalSection(SolutionProperties) = preSolution
		HideSolutionNode = FALSE
	EndGlobalSection
	GlobalSection(ExtensibilityGlobals) = postSolution
		SolutionGuid = {4A40B10A-8755-411C-A4BD-212EEC0CDF7D}
	EndGlobalSection
EndGlobal
