
Microsoft Visual Studio Solution File, Format Version 12.00
# Visual Studio Version 18
VisualStudioVersion = 18.3.11520.95
MinimumVisualStudioVersion = 10.0.40219.1
Project("{FAE04EC0-301F-11D3-BF4B-00C04F79EFBC}") = "ProCredit.Conciliacion.Console", "ProCredit.Conciliacion.Console.csproj", "{39AFA6BD-2E2C-46CA-7F47-BC0325D43BD3}"
EndProject
Project("{FAE04EC0-301F-11D3-BF4B-00C04F79EFBC}") = "Procedrit.Conciliacion.Application", "..\Procedrit.Conciliacion.Application\Procedrit.Conciliacion.Application.csproj", "{AFB3DDB7-C2A5-4A16-B8CA-B6355CCE161F}"
EndProject
Project("{FAE04EC0-301F-11D3-BF4B-00C04F79EFBC}") = "Procredit.Conciliacion.Domain", "..\Procredit.Conciliacion.Domain\Procredit.Conciliacion.Domain.csproj", "{7FBE4024-CC7C-4054-B905-B18FB9FB05FE}"
EndProject
Global
	GlobalSection(SolutionConfigurationPlatforms) = preSolution
		Debug|Any CPU = Debug|Any CPU
		Debug|x64 = Debug|x64
		Debug|x86 = Debug|x86
		Release|Any CPU = Release|Any CPU
		Release|x64 = Release|x64
		Release|x86 = Release|x86
	EndGlobalSection
	GlobalSection(ProjectConfigurationPlatforms) = postSolution
		{39AFA6BD-2E2C-46CA-7F47-BC0325D43BD3}.Debug|Any CPU.ActiveCfg = Debug|Any CPU
		{39AFA6BD-2E2C-46CA-7F47-BC0325D43BD3}.Debug|Any CPU.Build.0 = Debug|Any CPU
		{39AFA6BD-2E2C-46CA-7F47-BC0325D43BD3}.Debug|x64.ActiveCfg = Debug|Any CPU
		{39AFA6BD-2E2C-46CA-7F47-BC0325D43BD3}.Debug|x64.Build.0 = Debug|Any CPU
		{39AFA6BD-2E2C-46CA-7F47-BC0325D43BD3}.Debug|x86.ActiveCfg = Debug|Any CPU
		{39AFA6BD-2E2C-46CA-7F47-BC0325D43BD3}.Debug|x86.Build.0 = Debug|Any CPU
		{39AFA6BD-2E2C-46CA-7F47-BC0325D43BD3}.Release|Any CPU.ActiveCfg = Release|Any CPU
		{39AFA6BD-2E2C-46CA-7F47-BC0325D43BD3}.Release|Any CPU.Build.0 = Release|Any CPU
		{39AFA6BD-2E2C-46CA-7F47-BC0325D43BD3}.Release|x64.ActiveCfg = Release|Any CPU
		{39AFA6BD-2E2C-46CA-7F47-BC0325D43BD3}.Release|x64.Build.0 = Release|Any CPU
		{39AFA6BD-2E2C-46CA-7F47-BC0325D43BD3}.Release|x86.ActiveCfg = Release|Any CPU
		{39AFA6BD-2E2C-46CA-7F47-BC0325D43BD3}.Release|x86.Build.0 = Release|Any CPU
		{AFB3DDB7-C2A5-4A16-B8CA-B6355CCE161F}.Debug|Any CPU.ActiveCfg = Debug|Any CPU
		{AFB3DDB7-C2A5-4A16-B8CA-B6355CCE161F}.Debug|Any CPU.Build.0 = Debug|Any CPU
		{AFB3DDB7-C2A5-4A16-B8CA-B6355CCE161F}.Debug|x64.ActiveCfg = Debug|Any CPU
		{AFB3DDB7-C2A5-4A16-B8CA-B6355CCE161F}.Debug|x64.Build.0 = Debug|Any CPU
		{AFB3DDB7-C2A5-4A16-B8CA-B6355CCE161F}.Debug|x86.ActiveCfg = Debug|Any CPU
		{AFB3DDB7-C2A5-4A16-B8CA-B6355CCE161F}.Debug|x86.Build.0 = Debug|Any CPU
		{AFB3DDB7-C2A5-4A16-B8CA-B6355CCE161F}.Release|Any CPU.ActiveCfg = Release|Any CPU
		{AFB3DDB7-C2A5-4A16-B8CA-B6355CCE161F}.Release|Any CPU.Build.0 = Release|Any CPU
		{AFB3DDB7-C2A5-4A16-B8CA-B6355CCE161F}.Release|x64.ActiveCfg = Release|Any CPU
		{AFB3DDB7-C2A5-4A16-B8CA-B6355CCE161F}.Release|x64.Build.0 = Release|Any CPU
		{AFB3DDB7-C2A5-4A16-B8CA-B6355CCE161F}.Release|x86.ActiveCfg = Release|Any CPU
		{AFB3DDB7-C2A5-4A16-B8CA-B6355CCE161F}.Release|x86.Build.0 = Release|Any CPU
		{7FBE4024-CC7C-4054-B905-B18FB9FB05FE}.Debug|Any CPU.ActiveCfg = Debug|Any CPU
		{7FBE4024-CC7C-4054-B905-B18FB9FB05FE}.Debug|Any CPU.Build.0 = Debug|Any CPU
		{7FBE4024-CC7C-4054-B905-B18FB9FB05FE}.Debug|x64.ActiveCfg = Debug|Any CPU
		{7FBE4024-CC7C-4054-B905-B18FB9FB05FE}.Debug|x64.Build.0 = Debug|Any CPU
		{7FBE4024-CC7C-4054-B905-B18FB9FB05FE}.Debug|x86.ActiveCfg = Debug|Any CPU
		{7FBE4024-CC7C-4054-B905-B18FB9FB05FE}.Debug|x86.Build.0 = Debug|Any CPU
		{7FBE4024-CC7C-4054-B905-B18FB9FB05FE}.Release|Any CPU.ActiveCfg = Release|Any CPU
		{7FBE4024-CC7C-4054-B905-B18FB9FB05FE}.Release|Any CPU.Build.0 = Release|Any CPU
		{7FBE4024-CC7C-4054-B905-B18FB9FB05FE}.Release|x64.ActiveCfg = Release|Any CPU
		{7FBE4024-CC7C-4054-B905-B18FB9FB05FE}.Release|x64.Build.0 = Release|Any CPU
		{7FBE4024-CC7C-4054-B905-B18FB9FB05FE}.Release|x86.ActiveCfg = Release|Any CPU
		{7FBE4024-CC7C-4054-B905-B18FB9FB05FE}.Release|x86.Build.0 = Release|Any CPU
	EndGlobalSection
	GlobalSection(SolutionProperties) = preSolution
		HideSolutionNode = FALSE
	EndGlobalSection
	GlobalSection(ExtensibilityGlobals) = postSolution
		SolutionGuid = {4A40B10A-8755-411C-A4BD-212EEC0CDF7D}
	EndGlobalSection
EndGlobal
